// !$*UTF8*$!
{
	archiveVersion = 1;
	classes = {
	};
	objectVersion = 77;
	objects = {

/* Begin PBXBuildFile section */
		614DE1CD44BF4DFA96D40946 /* PaymentMethodManagementService.swift in Sources */ = {isa = PBXBuildFile; fileRef = 614DE1CD44BF4DFA96D40947 /* PaymentMethodManagementService.swift */; };
		D4424E47087ACEFD /* ReceiptPhoto.swift in Sources */ = {isa = PBXBuildFile; fileRef = D4421223AC6AA9FB /* ReceiptPhoto.swift */; };
		D4426DB2A442CE58 /* SimpleCloudKitSharingService.swift in Sources */ = {isa = PBXBuildFile; fileRef = D4425A3CEB2E308E /* SimpleCloudKitSharingService.swift */; };
		D44279F52DE090A300E70B1E /* MainTabView.swift in Sources */ = {isa = PBXBuildFile; fileRef = D44279F22DE090A300E70B1E /* MainTabView.swift */; };
		D44279F62DE090A300E70B1E /* RheirApp.swift in Sources */ = {isa = PBXBuildFile; fileRef = D44279F32DE090A300E70B1E /* RheirApp.swift */; };
		D44279F72DE090A300E70B1E /* LandingPageView.swift in Sources */ = {isa = PBXBuildFile; fileRef = D44279F12DE090A300E70B1E /* LandingPageView.swift */; };
		D4427A562DE090C600E70B1E /* ReceiptFilterCategory.swift in Sources */ = {isa = PBXBuildFile; fileRef = D4427A192DE090C600E70B1E /* ReceiptFilterCategory.swift */; };
		D4427A572DE090C600E70B1E /* EmployeeHoursDetailView.swift in Sources */ = {isa = PBXBuildFile; fileRef = D4427A222DE090C600E70B1E /* EmployeeHoursDetailView.swift */; };
		D4427A582DE090C600E70B1E /* ProjectViewModel+Receipts.swift in Sources */ = {isa = PBXBuildFile; fileRef = D4427A512DE090C600E70B1E /* ProjectViewModel+Receipts.swift */; };
		D4427A592DE090C600E70B1E /* WorkHour.swift in Sources */ = {isa = PBXBuildFile; fileRef = D4427A352DE090C600E70B1E /* WorkHour.swift */; };
		D4427A5A2DE090C600E70B1E /* ButtonStyles.swift in Sources */ = {isa = PBXBuildFile; fileRef = D4427A392DE090C600E70B1E /* ButtonStyles.swift */; };
		D4427A5B2DE090C600E70B1E /* RootView.swift in Sources */ = {isa = PBXBuildFile; fileRef = D4427A452DE090C600E70B1E /* RootView.swift */; };
		D4427A5C2DE090C600E70B1E /* LaborModuleView.swift in Sources */ = {isa = PBXBuildFile; fileRef = D4427A252DE090C600E70B1E /* LaborModuleView.swift */; };
		D4427A5D2DE090C600E70B1E /* SidebarView.swift in Sources */ = {isa = PBXBuildFile; fileRef = D4427A462DE090C600E70B1E /* SidebarView.swift */; };
		D4427A5E2DE090C600E70B1E /* FloatingActionButton.swift in Sources */ = {isa = PBXBuildFile; fileRef = D4427A3F2DE090C600E70B1E /* FloatingActionButton.swift */; };
		D4427A5F2DE090C600E70B1E /* ClientView.swift in Sources */ = {isa = PBXBuildFile; fileRef = D44279FC2DE090C600E70B1E /* ClientView.swift */; };
		D4427A602DE090C600E70B1E /* ProjectViewModel+Import.swift in Sources */ = {isa = PBXBuildFile; fileRef = D4427A502DE090C600E70B1E /* ProjectViewModel+Import.swift */; };
		D4427A612DE090C600E70B1E /* NavigationRouting.swift in Sources */ = {isa = PBXBuildFile; fileRef = D4427A432DE090C600E70B1E /* NavigationRouting.swift */; };
		D4427A622DE090C600E70B1E /* PaymentDetailView.swift in Sources */ = {isa = PBXBuildFile; fileRef = D4427A272DE090C600E70B1E /* PaymentDetailView.swift */; };
		D4427A632DE090C600E70B1E /* FadingProgressBar.swift in Sources */ = {isa = PBXBuildFile; fileRef = D4427A3E2DE090C600E70B1E /* FadingProgressBar.swift */; };
		D4427A642DE090C600E70B1E /* EditProgressView.swift in Sources */ = {isa = PBXBuildFile; fileRef = D4427A072DE090C600E70B1E /* EditProgressView.swift */; };
		D4427A652DE090C600E70B1E /* ZoomableImageView.swift in Sources */ = {isa = PBXBuildFile; fileRef = D4427A0A2DE090C600E70B1E /* ZoomableImageView.swift */; };
		D4427A662DE090C600E70B1E /* ProjectTask.swift in Sources */ = {isa = PBXBuildFile; fileRef = D4427A322DE090C600E70B1E /* ProjectTask.swift */; };
		D4427A672DE090C600E70B1E /* ProjectDetailview.swift in Sources */ = {isa = PBXBuildFile; fileRef = D4427A122DE090C600E70B1E /* ProjectDetailview.swift */; };
		D4427A682DE090C600E70B1E /* CameraCaptureView.swift in Sources */ = {isa = PBXBuildFile; fileRef = D4427A3A2DE090C600E70B1E /* CameraCaptureView.swift */; };
		D4427A692DE090C600E70B1E /* ProgressLog.swift in Sources */ = {isa = PBXBuildFile; fileRef = D4427A2F2DE090C600E70B1E /* ProgressLog.swift */; };
		D4427A6A2DE090C600E70B1E /* LaborEditView.swift in Sources */ = {isa = PBXBuildFile; fileRef = D4427A242DE090C600E70B1E /* LaborEditView.swift */; };
		D4427A6B2DE090C600E70B1E /* CompletedProjectsView.swift in Sources */ = {isa = PBXBuildFile; fileRef = D44279FF2DE090C600E70B1E /* CompletedProjectsView.swift */; };
		D4427A6C2DE090C600E70B1E /* TaskTemplate.swift in Sources */ = {isa = PBXBuildFile; fileRef = D4427A342DE090C600E70B1E /* TaskTemplate.swift */; };
		D4427A6D2DE090C600E70B1E /* DashboardViewModel.swift in Sources */ = {isa = PBXBuildFile; fileRef = D4427A022DE090C600E70B1E /* DashboardViewModel.swift */; };
		D4427A6E2DE090C600E70B1E /* ProgressDetailView.swift in Sources */ = {isa = PBXBuildFile; fileRef = D4427A092DE090C600E70B1E /* ProgressDetailView.swift */; };
		D4427A6F2DE090C600E70B1E /* JSONDocument.swift in Sources */ = {isa = PBXBuildFile; fileRef = D4427A422DE090C600E70B1E /* JSONDocument.swift */; };
		D4427A702DE090C600E70B1E /* ProjectsListView.swift in Sources */ = {isa = PBXBuildFile; fileRef = D4427A132DE090C600E70B1E /* ProjectsListView.swift */; };
		D4427A712DE090C600E70B1E /* CompletedProjectDetailView.swift in Sources */ = {isa = PBXBuildFile; fileRef = D44279FE2DE090C600E70B1E /* CompletedProjectDetailView.swift */; };
		D4427A722DE090C600E70B1E /* ProjectViewModel.swift in Sources */ = {isa = PBXBuildFile; fileRef = D4427A4C2DE090C600E70B1E /* ProjectViewModel.swift */; };
		D4427A732DE090C600E70B1E /* CameraPermission.swift in Sources */ = {isa = PBXBuildFile; fileRef = D4427A3B2DE090C600E70B1E /* CameraPermission.swift */; };
		D4427A742DE090C600E70B1E /* DashboardView.swift in Sources */ = {isa = PBXBuildFile; fileRef = D4427A012DE090C600E70B1E /* DashboardView.swift */; };
		D4427A752DE090C600E70B1E /* AddProgressView.swift in Sources */ = {isa = PBXBuildFile; fileRef = D4427A042DE090C600E70B1E /* AddProgressView.swift */; };
		D4427A762DE090C600E70B1E /* ReceiptRowView.swift in Sources */ = {isa = PBXBuildFile; fileRef = D4427A1A2DE090C600E70B1E /* ReceiptRowView.swift */; };
		D4427A772DE090C600E70B1E /* MultiSelectEmployeesView.swift in Sources */ = {isa = PBXBuildFile; fileRef = D4427A082DE090C600E70B1E /* MultiSelectEmployeesView.swift */; };
		D4427A782DE090C600E70B1E /* TasksListView.swift in Sources */ = {isa = PBXBuildFile; fileRef = D4427A142DE090C600E70B1E /* TasksListView.swift */; };
		D4427A792DE090C600E70B1E /* NewProjectView.swift in Sources */ = {isa = PBXBuildFile; fileRef = D4427A0F2DE090C600E70B1E /* NewProjectView.swift */; };
		D4427A7A2DE090C600E70B1E /* Currency+Formatting.swift in Sources */ = {isa = PBXBuildFile; fileRef = D4427A3C2DE090C600E70B1E /* Currency+Formatting.swift */; };
		D4427A7B2DE090C600E70B1E /* ManualReceiptEntryView.swift in Sources */ = {isa = PBXBuildFile; fileRef = D4427A162DE090C600E70B1E /* ManualReceiptEntryView.swift */; };
		D4427A7C2DE090C600E70B1E /* Communication.swift in Sources */ = {isa = PBXBuildFile; fileRef = D4427A2C2DE090C600E70B1E /* Communication.swift */; };
		D4427A7D2DE090C600E70B1E /* ProjectStatus.swift in Sources */ = {isa = PBXBuildFile; fileRef = D4427A312DE090C600E70B1E /* ProjectStatus.swift */; };
		D4427A7E2DE090C600E70B1E /* EmployeeHoursList.swift in Sources */ = {isa = PBXBuildFile; fileRef = D4427A232DE090C600E70B1E /* EmployeeHoursList.swift */; };
		D4427A7F2DE090C600E70B1E /* ReceiptDetailView.swift in Sources */ = {isa = PBXBuildFile; fileRef = D4427A172DE090C600E70B1E /* ReceiptDetailView.swift */; };
		D4427A802DE090C600E70B1E /* ReceiptsViewModel.swift in Sources */ = {isa = PBXBuildFile; fileRef = D4427A532DE090C600E70B1E /* ReceiptsViewModel.swift */; };
		D4427A812DE090C600E70B1E /* LogHoursView.swift in Sources */ = {isa = PBXBuildFile; fileRef = D4427A262DE090C600E70B1E /* LogHoursView.swift */; };
		D4427A822DE090C600E70B1E /* CommunicationLogsView.swift in Sources */ = {isa = PBXBuildFile; fileRef = D4427A0D2DE090C600E70B1E /* CommunicationLogsView.swift */; };
		D4427A832DE090C600E70B1E /* tab.swift in Sources */ = {isa = PBXBuildFile; fileRef = D4427A482DE090C600E70B1E /* tab.swift */; };
		D4427A842DE090C600E70B1E /* View+Italic.swift in Sources */ = {isa = PBXBuildFile; fileRef = D4427A1F2DE090C600E70B1E /* View+Italic.swift */; };
		D4427A852DE090C600E70B1E /* ProjectViewModel+TimeEntry.swift in Sources */ = {isa = PBXBuildFile; fileRef = D4427A522DE090C600E70B1E /* ProjectViewModel+TimeEntry.swift */; };
		D4427A862DE090C600E70B1E /* ClientCardView.swift in Sources */ = {isa = PBXBuildFile; fileRef = D44279FB2DE090C600E70B1E /* ClientCardView.swift */; };
		D4427A872DE090C600E70B1E /* CategoryProgressView.swift in Sources */ = {isa = PBXBuildFile; fileRef = D4427A052DE090C600E70B1E /* CategoryProgressView.swift */; };
		D4427A882DE090C600E70B1E /* EmployeeRate.swift in Sources */ = {isa = PBXBuildFile; fileRef = D4427A2E2DE090C600E70B1E /* EmployeeRate.swift */; };
		D4427A892DE090C600E70B1E /* ReceiptScannerView.swift in Sources */ = {isa = PBXBuildFile; fileRef = D4427A1C2DE090C600E70B1E /* ReceiptScannerView.swift */; };
		D4427A8A2DE090C600E70B1E /* ProjectCardView.swift in Sources */ = {isa = PBXBuildFile; fileRef = D4427A112DE090C600E70B1E /* ProjectCardView.swift */; };
		D4427A8B2DE090C600E70B1E /* ProgressBar.swift in Sources */ = {isa = PBXBuildFile; fileRef = D4427A442DE090C600E70B1E /* ProgressBar.swift */; };
		D4427A8C2DE090C600E70B1E /* BudgetBreakdownView.swift in Sources */ = {isa = PBXBuildFile; fileRef = D44279F82DE090C600E70B1E /* BudgetBreakdownView.swift */; };
		D4427A8D2DE090C600E70B1E /* ReceiptsView.swift in Sources */ = {isa = PBXBuildFile; fileRef = D4427A1D2DE090C600E70B1E /* ReceiptsView.swift */; };
		D4427A8E2DE090C600E70B1E /* ProjectViewModel+Employees.swift in Sources */ = {isa = PBXBuildFile; fileRef = D4427A4E2DE090C600E70B1E /* ProjectViewModel+Employees.swift */; };
		D4427A8F2DE090C600E70B1E /* ProjectViewModel+Filters.swift in Sources */ = {isa = PBXBuildFile; fileRef = D4427A4F2DE090C600E70B1E /* ProjectViewModel+Filters.swift */; };
		D4427A902DE090C600E70B1E /* EditProjectView.swift in Sources */ = {isa = PBXBuildFile; fileRef = D4427A0E2DE090C600E70B1E /* EditProjectView.swift */; };
		D4427A912DE090C600E70B1E /* ScannedReceiptEntryView.swift in Sources */ = {isa = PBXBuildFile; fileRef = D4427A1E2DE090C600E70B1E /* ScannedReceiptEntryView.swift */; };
		D4427A922DE090C600E70B1E /* PastDueView.swift in Sources */ = {isa = PBXBuildFile; fileRef = D4427A102DE090C600E70B1E /* PastDueView.swift */; };
		D4427A932DE090C600E70B1E /* Receipt.swift in Sources */ = {isa = PBXBuildFile; fileRef = D4427A332DE090C600E70B1E /* Receipt.swift */; };
		D4427A942DE090C600E70B1E /* DailyProgressView.swift in Sources */ = {isa = PBXBuildFile; fileRef = D4427A062DE090C600E70B1E /* DailyProgressView.swift */; };
		D4427A952DE090C600E70B1E /* ReceiptEditView.swift in Sources */ = {isa = PBXBuildFile; fileRef = D4427A182DE090C600E70B1E /* ReceiptEditView.swift */; };
		D4427A962DE090C600E70B1E /* SplashScreenView.swift in Sources */ = {isa = PBXBuildFile; fileRef = D4427A472DE090C600E70B1E /* SplashScreenView.swift */; };
		D4427A972DE090C600E70B1E /* BudgetView.swift in Sources */ = {isa = PBXBuildFile; fileRef = D44279F92DE090C600E70B1E /* BudgetView.swift */; };
		D4427A992DE090C600E70B1E /* AddEmployeeView.swift in Sources */ = {isa = PBXBuildFile; fileRef = D4427A212DE090C600E70B1E /* AddEmployeeView.swift */; };
		D4427A9A2DE090C600E70B1E /* ReceiptScannerCoordinator.swift in Sources */ = {isa = PBXBuildFile; fileRef = D4427A1B2DE090C600E70B1E /* ReceiptScannerCoordinator.swift */; };
		D4427A9B2DE090C600E70B1E /* Project.swift in Sources */ = {isa = PBXBuildFile; fileRef = D4427A302DE090C600E70B1E /* Project.swift */; };
		D4427A9C2DE090C600E70B1E /* GeneralConditionsTip.swift in Sources */ = {isa = PBXBuildFile; fileRef = D4427A402DE090C600E70B1E /* GeneralConditionsTip.swift */; };
		D4427A9D2DE090C600E70B1E /* Employee.swift in Sources */ = {isa = PBXBuildFile; fileRef = D4427A2D2DE090C600E70B1E /* Employee.swift */; };
		D4427A9E2DE090C600E70B1E /* ChangeOrderView.swift in Sources */ = {isa = PBXBuildFile; fileRef = D4427A0C2DE090C600E70B1E /* ChangeOrderView.swift */; };
		D4427A9F2DE090C600E70B1E /* ProjectViewModel+Clocking.swift in Sources */ = {isa = PBXBuildFile; fileRef = D4427A4D2DE090C600E70B1E /* ProjectViewModel+Clocking.swift */; };
		D4427AA02DE090C600E70B1E /* QuickClockView.swift in Sources */ = {isa = PBXBuildFile; fileRef = D4427A282DE090C600E70B1E /* QuickClockView.swift */; };
		D4427AA12DE090C600E70B1E /* ChangeOrder.swift in Sources */ = {isa = PBXBuildFile; fileRef = D4427A2B2DE090C600E70B1E /* ChangeOrder.swift */; };
		D4427AA22DE090C600E70B1E /* FAB.swift in Sources */ = {isa = PBXBuildFile; fileRef = D4427A3D2DE090C600E70B1E /* FAB.swift */; };
		D4427AA32DE090C600E70B1E /* ImagePicker.swift in Sources */ = {isa = PBXBuildFile; fileRef = D4427A412DE090C600E70B1E /* ImagePicker.swift */; };
		D4427AA52DE0914600E70B1E /* Assets.xcassets in Resources */ = {isa = PBXBuildFile; fileRef = D4427AA42DE0914600E70B1E /* Assets.xcassets */; };
		D4427AB52DE26CAA00E70B1E /* AuthService.swift in Sources */ = {isa = PBXBuildFile; fileRef = D4427AB42DE26CAA00E70B1E /* AuthService.swift */; };
		D4427AB92DE26CC300E70B1E /* CloudKitAuthService.swift in Sources */ = {isa = PBXBuildFile; fileRef = D4427AB82DE26CC300E70B1E /* CloudKitAuthService.swift */; };
		D4427ABB2DE26CD000E70B1E /* ReceiptValidationService.swift in Sources */ = {isa = PBXBuildFile; fileRef = D4427ABA2DE26CD000E70B1E /* ReceiptValidationService.swift */; };
		D4427BFF2DE3B75A00E70B1E /* AppleIDAuthService.swift in Sources */ = {isa = PBXBuildFile; fileRef = D4427BFE2DE3B75A00E70B1E /* AppleIDAuthService.swift */; };
		D4427C052DE3E66600E70B1E /* RemoteAuthService.swift in Sources */ = {isa = PBXBuildFile; fileRef = D4427C042DE3E66600E70B1E /* RemoteAuthService.swift */; };
		D4427PV22DE26CAA00E70B1E /* PreviewAuthService.swift in Sources */ = {isa = PBXBuildFile; fileRef = D4427PV12DE26CAA00E70B1E /* PreviewAuthService.swift */; };
		D442BD5D64F1F00C /* CloudKitPhotoService.swift in Sources */ = {isa = PBXBuildFile; fileRef = D442C31F915A5121 /* CloudKitPhotoService.swift */; };
		D442C65597E66F71 /* TaskPhoto.swift in Sources */ = {isa = PBXBuildFile; fileRef = D442DEA6C7D5DE76 /* TaskPhoto.swift */; };
		D442FE828A30247D /* ProgressPhoto.swift in Sources */ = {isa = PBXBuildFile; fileRef = D442117C9B4CDC28 /* ProgressPhoto.swift */; };
		D442FEDB20BE283E /* OfflineDataManager.swift in Sources */ = {isa = PBXBuildFile; fileRef = D442E530D0DFA1BA /* OfflineDataManager.swift */; };
		D4635E262DF208DB00A936E0 /* CloudKit.framework in Frameworks */ = {isa = PBXBuildFile; fileRef = D4635E252DF208DB00A936E0 /* CloudKit.framework */; };
		D4635E282DF208EC00A936E0 /* AuthenticationServices.framework in Frameworks */ = {isa = PBXBuildFile; fileRef = D4635E272DF208EC00A936E0 /* AuthenticationServices.framework */; settings = {ATTRIBUTES = (Required, ); }; };
		D4635E302DF230EE00A936E0 /* AuthViewModel.swift in Sources */ = {isa = PBXBuildFile; fileRef = D4427ACB2DE26D7B00E70B1E /* AuthViewModel.swift */; };
		D4AF9CE82DF37CA700D3169F /* CloudKitAuthService+User.swift in Sources */ = {isa = PBXBuildFile; fileRef = D4AF9CE72DF37CA700D3169F /* CloudKitAuthService+User.swift */; };
		D4AF9CEA2DF37CBC00D3169F /* CloudKitAuthService+Organization.swift in Sources */ = {isa = PBXBuildFile; fileRef = D4AF9CE92DF37CBC00D3169F /* CloudKitAuthService+Organization.swift */; };
		D4D087998CBC43C585EE6394 /* VendorManagementService.swift in Sources */ = {isa = PBXBuildFile; fileRef = D4D087998CBC43C585EE6395 /* VendorManagementService.swift */; };
/* End PBXBuildFile section */

/* Begin PBXContainerItemProxy section */
		D44279D32DE08FA100E70B1E /* PBXContainerItemProxy */ = {
			isa = PBXContainerItemProxy;
			containerPortal = D44279BD2DE08FA000E70B1E /* Project object */;
			proxyType = 1;
			remoteGlobalIDString = D44279C42DE08FA000E70B1E;
			remoteInfo = RHEIR;
		};
		D44279DD2DE08FA100E70B1E /* PBXContainerItemProxy */ = {
			isa = PBXContainerItemProxy;
			containerPortal = D44279BD2DE08FA000E70B1E /* Project object */;
			proxyType = 1;
			remoteGlobalIDString = D44279C42DE08FA000E70B1E;
			remoteInfo = RHEIR;
		};
/* End PBXContainerItemProxy section */

/* Begin PBXFileReference section */
		614DE1CD44BF4DFA96D40947 /* PaymentMethodManagementService.swift */ = {isa = PBXFileReference; lastKnownFileType = sourcecode.swift; path = PaymentMethodManagementService.swift; sourceTree = "<group>"; };
		D442117C9B4CDC28 /* ProgressPhoto.swift */ = {isa = PBXFileReference; lastKnownFileType = sourcecode.swift; path = ProgressPhoto.swift; sourceTree = "<group>"; };
		D4421223AC6AA9FB /* ReceiptPhoto.swift */ = {isa = PBXFileReference; lastKnownFileType = sourcecode.swift; path = ReceiptPhoto.swift; sourceTree = "<group>"; };
		D4425A3CEB2E308E /* SimpleCloudKitSharingService.swift */ = {isa = PBXFileReference; lastKnownFileType = sourcecode.swift; path = SimpleCloudKitSharingService.swift; sourceTree = "<group>"; };
		D44279C52DE08FA000E70B1E /* RHEIR.app */ = {isa = PBXFileReference; explicitFileType = wrapper.application; includeInIndex = 0; path = RHEIR.app; sourceTree = BUILT_PRODUCTS_DIR; };
		D44279D22DE08FA100E70B1E /* RHEIRTests.xctest */ = {isa = PBXFileReference; explicitFileType = wrapper.cfbundle; includeInIndex = 0; path = RHEIRTests.xctest; sourceTree = BUILT_PRODUCTS_DIR; };
		D44279DC2DE08FA100E70B1E /* RHEIRUITests.xctest */ = {isa = PBXFileReference; explicitFileType = wrapper.cfbundle; includeInIndex = 0; path = RHEIRUITests.xctest; sourceTree = BUILT_PRODUCTS_DIR; };
		D44279F12DE090A300E70B1E /* LandingPageView.swift */ = {isa = PBXFileReference; lastKnownFileType = sourcecode.swift; path = LandingPageView.swift; sourceTree = "<group>"; };
		D44279F22DE090A300E70B1E /* MainTabView.swift */ = {isa = PBXFileReference; lastKnownFileType = sourcecode.swift; path = MainTabView.swift; sourceTree = "<group>"; };
		D44279F32DE090A300E70B1E /* RheirApp.swift */ = {isa = PBXFileReference; lastKnownFileType = sourcecode.swift; path = RheirApp.swift; sourceTree = "<group>"; };
		D44279F82DE090C600E70B1E /* BudgetBreakdownView.swift */ = {isa = PBXFileReference; lastKnownFileType = sourcecode.swift; path = BudgetBreakdownView.swift; sourceTree = "<group>"; };
		D44279F92DE090C600E70B1E /* BudgetView.swift */ = {isa = PBXFileReference; lastKnownFileType = sourcecode.swift; path = BudgetView.swift; sourceTree = "<group>"; };
		D44279FB2DE090C600E70B1E /* ClientCardView.swift */ = {isa = PBXFileReference; lastKnownFileType = sourcecode.swift; path = ClientCardView.swift; sourceTree = "<group>"; };
		D44279FC2DE090C600E70B1E /* ClientView.swift */ = {isa = PBXFileReference; lastKnownFileType = sourcecode.swift; path = ClientView.swift; sourceTree = "<group>"; };
		D44279FE2DE090C600E70B1E /* CompletedProjectDetailView.swift */ = {isa = PBXFileReference; lastKnownFileType = sourcecode.swift; path = CompletedProjectDetailView.swift; sourceTree = "<group>"; };
		D44279FF2DE090C600E70B1E /* CompletedProjectsView.swift */ = {isa = PBXFileReference; lastKnownFileType = sourcecode.swift; path = CompletedProjectsView.swift; sourceTree = "<group>"; };
		D4427A012DE090C600E70B1E /* DashboardView.swift */ = {isa = PBXFileReference; lastKnownFileType = sourcecode.swift; path = DashboardView.swift; sourceTree = "<group>"; };
		D4427A022DE090C600E70B1E /* DashboardViewModel.swift */ = {isa = PBXFileReference; lastKnownFileType = sourcecode.swift; path = DashboardViewModel.swift; sourceTree = "<group>"; };
		D4427A042DE090C600E70B1E /* AddProgressView.swift */ = {isa = PBXFileReference; lastKnownFileType = sourcecode.swift; path = AddProgressView.swift; sourceTree = "<group>"; };
		D4427A052DE090C600E70B1E /* CategoryProgressView.swift */ = {isa = PBXFileReference; lastKnownFileType = sourcecode.swift; path = CategoryProgressView.swift; sourceTree = "<group>"; };
		D4427A062DE090C600E70B1E /* DailyProgressView.swift */ = {isa = PBXFileReference; lastKnownFileType = sourcecode.swift; path = DailyProgressView.swift; sourceTree = "<group>"; };
		D4427A072DE090C600E70B1E /* EditProgressView.swift */ = {isa = PBXFileReference; lastKnownFileType = sourcecode.swift; path = EditProgressView.swift; sourceTree = "<group>"; };
		D4427A082DE090C600E70B1E /* MultiSelectEmployeesView.swift */ = {isa = PBXFileReference; lastKnownFileType = sourcecode.swift; path = MultiSelectEmployeesView.swift; sourceTree = "<group>"; };
		D4427A092DE090C600E70B1E /* ProgressDetailView.swift */ = {isa = PBXFileReference; lastKnownFileType = sourcecode.swift; path = ProgressDetailView.swift; sourceTree = "<group>"; };
		D4427A0A2DE090C600E70B1E /* ZoomableImageView.swift */ = {isa = PBXFileReference; lastKnownFileType = sourcecode.swift; path = ZoomableImageView.swift; sourceTree = "<group>"; };
		D4427A0C2DE090C600E70B1E /* ChangeOrderView.swift */ = {isa = PBXFileReference; lastKnownFileType = sourcecode.swift; path = ChangeOrderView.swift; sourceTree = "<group>"; };
		D4427A0D2DE090C600E70B1E /* CommunicationLogsView.swift */ = {isa = PBXFileReference; lastKnownFileType = sourcecode.swift; path = CommunicationLogsView.swift; sourceTree = "<group>"; };
		D4427A0E2DE090C600E70B1E /* EditProjectView.swift */ = {isa = PBXFileReference; lastKnownFileType = sourcecode.swift; path = EditProjectView.swift; sourceTree = "<group>"; };
		D4427A0F2DE090C600E70B1E /* NewProjectView.swift */ = {isa = PBXFileReference; lastKnownFileType = sourcecode.swift; path = NewProjectView.swift; sourceTree = "<group>"; };
		D4427A102DE090C600E70B1E /* PastDueView.swift */ = {isa = PBXFileReference; lastKnownFileType = sourcecode.swift; path = PastDueView.swift; sourceTree = "<group>"; };
		D4427A112DE090C600E70B1E /* ProjectCardView.swift */ = {isa = PBXFileReference; lastKnownFileType = sourcecode.swift; path = ProjectCardView.swift; sourceTree = "<group>"; };
		D4427A122DE090C600E70B1E /* ProjectDetailview.swift */ = {isa = PBXFileReference; lastKnownFileType = sourcecode.swift; path = ProjectDetailview.swift; sourceTree = "<group>"; };
		D4427A132DE090C600E70B1E /* ProjectsListView.swift */ = {isa = PBXFileReference; lastKnownFileType = sourcecode.swift; path = ProjectsListView.swift; sourceTree = "<group>"; };
		D4427A142DE090C600E70B1E /* TasksListView.swift */ = {isa = PBXFileReference; lastKnownFileType = sourcecode.swift; path = TasksListView.swift; sourceTree = "<group>"; };
		D4427A162DE090C600E70B1E /* ManualReceiptEntryView.swift */ = {isa = PBXFileReference; lastKnownFileType = sourcecode.swift; path = ManualReceiptEntryView.swift; sourceTree = "<group>"; };
		D4427A172DE090C600E70B1E /* ReceiptDetailView.swift */ = {isa = PBXFileReference; lastKnownFileType = sourcecode.swift; path = ReceiptDetailView.swift; sourceTree = "<group>"; };
		D4427A182DE090C600E70B1E /* ReceiptEditView.swift */ = {isa = PBXFileReference; lastKnownFileType = sourcecode.swift; path = ReceiptEditView.swift; sourceTree = "<group>"; };
		D4427A192DE090C600E70B1E /* ReceiptFilterCategory.swift */ = {isa = PBXFileReference; lastKnownFileType = sourcecode.swift; path = ReceiptFilterCategory.swift; sourceTree = "<group>"; };
		D4427A1A2DE090C600E70B1E /* ReceiptRowView.swift */ = {isa = PBXFileReference; lastKnownFileType = sourcecode.swift; path = ReceiptRowView.swift; sourceTree = "<group>"; };
		D4427A1B2DE090C600E70B1E /* ReceiptScannerCoordinator.swift */ = {isa = PBXFileReference; lastKnownFileType = sourcecode.swift; path = ReceiptScannerCoordinator.swift; sourceTree = "<group>"; };
		D4427A1C2DE090C600E70B1E /* ReceiptScannerView.swift */ = {isa = PBXFileReference; lastKnownFileType = sourcecode.swift; path = ReceiptScannerView.swift; sourceTree = "<group>"; };
		D4427A1D2DE090C600E70B1E /* ReceiptsView.swift */ = {isa = PBXFileReference; lastKnownFileType = sourcecode.swift; path = ReceiptsView.swift; sourceTree = "<group>"; };
		D4427A1E2DE090C600E70B1E /* ScannedReceiptEntryView.swift */ = {isa = PBXFileReference; lastKnownFileType = sourcecode.swift; path = ScannedReceiptEntryView.swift; sourceTree = "<group>"; };
		D4427A1F2DE090C600E70B1E /* View+Italic.swift */ = {isa = PBXFileReference; lastKnownFileType = sourcecode.swift; path = "View+Italic.swift"; sourceTree = "<group>"; };
		D4427A212DE090C600E70B1E /* AddEmployeeView.swift */ = {isa = PBXFileReference; lastKnownFileType = sourcecode.swift; path = AddEmployeeView.swift; sourceTree = "<group>"; };
		D4427A222DE090C600E70B1E /* EmployeeHoursDetailView.swift */ = {isa = PBXFileReference; lastKnownFileType = sourcecode.swift; path = EmployeeHoursDetailView.swift; sourceTree = "<group>"; };
		D4427A232DE090C600E70B1E /* EmployeeHoursList.swift */ = {isa = PBXFileReference; lastKnownFileType = sourcecode.swift; path = EmployeeHoursList.swift; sourceTree = "<group>"; };
		D4427A242DE090C600E70B1E /* LaborEditView.swift */ = {isa = PBXFileReference; lastKnownFileType = sourcecode.swift; path = LaborEditView.swift; sourceTree = "<group>"; };
		D4427A252DE090C600E70B1E /* LaborModuleView.swift */ = {isa = PBXFileReference; lastKnownFileType = sourcecode.swift; path = LaborModuleView.swift; sourceTree = "<group>"; };
		D4427A262DE090C600E70B1E /* LogHoursView.swift */ = {isa = PBXFileReference; lastKnownFileType = sourcecode.swift; path = LogHoursView.swift; sourceTree = "<group>"; };
		D4427A272DE090C600E70B1E /* PaymentDetailView.swift */ = {isa = PBXFileReference; lastKnownFileType = sourcecode.swift; path = PaymentDetailView.swift; sourceTree = "<group>"; };
		D4427A282DE090C600E70B1E /* QuickClockView.swift */ = {isa = PBXFileReference; lastKnownFileType = sourcecode.swift; path = QuickClockView.swift; sourceTree = "<group>"; };
		D4427A2B2DE090C600E70B1E /* ChangeOrder.swift */ = {isa = PBXFileReference; lastKnownFileType = sourcecode.swift; path = ChangeOrder.swift; sourceTree = "<group>"; };
		D4427A2C2DE090C600E70B1E /* Communication.swift */ = {isa = PBXFileReference; lastKnownFileType = sourcecode.swift; path = Communication.swift; sourceTree = "<group>"; };
		D4427A2D2DE090C600E70B1E /* Employee.swift */ = {isa = PBXFileReference; lastKnownFileType = sourcecode.swift; path = Employee.swift; sourceTree = "<group>"; };
		D4427A2E2DE090C600E70B1E /* EmployeeRate.swift */ = {isa = PBXFileReference; lastKnownFileType = sourcecode.swift; path = EmployeeRate.swift; sourceTree = "<group>"; };
		D4427A2F2DE090C600E70B1E /* ProgressLog.swift */ = {isa = PBXFileReference; lastKnownFileType = sourcecode.swift; path = ProgressLog.swift; sourceTree = "<group>"; };
		D4427A302DE090C600E70B1E /* Project.swift */ = {isa = PBXFileReference; lastKnownFileType = sourcecode.swift; path = Project.swift; sourceTree = "<group>"; };
		D4427A312DE090C600E70B1E /* ProjectStatus.swift */ = {isa = PBXFileReference; lastKnownFileType = sourcecode.swift; path = ProjectStatus.swift; sourceTree = "<group>"; };
		D4427A322DE090C600E70B1E /* ProjectTask.swift */ = {isa = PBXFileReference; lastKnownFileType = sourcecode.swift; path = ProjectTask.swift; sourceTree = "<group>"; };
		D4427A332DE090C600E70B1E /* Receipt.swift */ = {isa = PBXFileReference; lastKnownFileType = sourcecode.swift; path = Receipt.swift; sourceTree = "<group>"; };
		D4427A342DE090C600E70B1E /* TaskTemplate.swift */ = {isa = PBXFileReference; lastKnownFileType = sourcecode.swift; path = TaskTemplate.swift; sourceTree = "<group>"; };
		D4427A352DE090C600E70B1E /* WorkHour.swift */ = {isa = PBXFileReference; lastKnownFileType = sourcecode.swift; path = WorkHour.swift; sourceTree = "<group>"; };
		D4427A392DE090C600E70B1E /* ButtonStyles.swift */ = {isa = PBXFileReference; lastKnownFileType = sourcecode.swift; path = ButtonStyles.swift; sourceTree = "<group>"; };
		D4427A3A2DE090C600E70B1E /* CameraCaptureView.swift */ = {isa = PBXFileReference; lastKnownFileType = sourcecode.swift; path = CameraCaptureView.swift; sourceTree = "<group>"; };
		D4427A3B2DE090C600E70B1E /* CameraPermission.swift */ = {isa = PBXFileReference; lastKnownFileType = sourcecode.swift; path = CameraPermission.swift; sourceTree = "<group>"; };
		D4427A3C2DE090C600E70B1E /* Currency+Formatting.swift */ = {isa = PBXFileReference; lastKnownFileType = sourcecode.swift; path = "Currency+Formatting.swift"; sourceTree = "<group>"; };
		D4427A3D2DE090C600E70B1E /* FAB.swift */ = {isa = PBXFileReference; lastKnownFileType = sourcecode.swift; path = FAB.swift; sourceTree = "<group>"; };
		D4427A3E2DE090C600E70B1E /* FadingProgressBar.swift */ = {isa = PBXFileReference; lastKnownFileType = sourcecode.swift; path = FadingProgressBar.swift; sourceTree = "<group>"; };
		D4427A3F2DE090C600E70B1E /* FloatingActionButton.swift */ = {isa = PBXFileReference; lastKnownFileType = sourcecode.swift; path = FloatingActionButton.swift; sourceTree = "<group>"; };
		D4427A402DE090C600E70B1E /* GeneralConditionsTip.swift */ = {isa = PBXFileReference; lastKnownFileType = sourcecode.swift; path = GeneralConditionsTip.swift; sourceTree = "<group>"; };
		D4427A412DE090C600E70B1E /* ImagePicker.swift */ = {isa = PBXFileReference; lastKnownFileType = sourcecode.swift; path = ImagePicker.swift; sourceTree = "<group>"; };
		D4427A422DE090C600E70B1E /* JSONDocument.swift */ = {isa = PBXFileReference; lastKnownFileType = sourcecode.swift; path = JSONDocument.swift; sourceTree = "<group>"; };
		D4427A432DE090C600E70B1E /* NavigationRouting.swift */ = {isa = PBXFileReference; lastKnownFileType = sourcecode.swift; path = NavigationRouting.swift; sourceTree = "<group>"; };
		D4427A442DE090C600E70B1E /* ProgressBar.swift */ = {isa = PBXFileReference; lastKnownFileType = sourcecode.swift; path = ProgressBar.swift; sourceTree = "<group>"; };
		D4427A452DE090C600E70B1E /* RootView.swift */ = {isa = PBXFileReference; lastKnownFileType = sourcecode.swift; path = RootView.swift; sourceTree = "<group>"; };
		D4427A462DE090C600E70B1E /* SidebarView.swift */ = {isa = PBXFileReference; lastKnownFileType = sourcecode.swift; path = SidebarView.swift; sourceTree = "<group>"; };
		D4427A472DE090C600E70B1E /* SplashScreenView.swift */ = {isa = PBXFileReference; lastKnownFileType = sourcecode.swift; path = SplashScreenView.swift; sourceTree = "<group>"; };
		D4427A482DE090C600E70B1E /* tab.swift */ = {isa = PBXFileReference; lastKnownFileType = sourcecode.swift; path = tab.swift; sourceTree = "<group>"; };
		D4427A4C2DE090C600E70B1E /* ProjectViewModel.swift */ = {isa = PBXFileReference; lastKnownFileType = sourcecode.swift; path = ProjectViewModel.swift; sourceTree = "<group>"; };
		D4427A4D2DE090C600E70B1E /* ProjectViewModel+Clocking.swift */ = {isa = PBXFileReference; lastKnownFileType = sourcecode.swift; path = "ProjectViewModel+Clocking.swift"; sourceTree = "<group>"; };
		D4427A4E2DE090C600E70B1E /* ProjectViewModel+Employees.swift */ = {isa = PBXFileReference; lastKnownFileType = sourcecode.swift; path = "ProjectViewModel+Employees.swift"; sourceTree = "<group>"; };
		D4427A4F2DE090C600E70B1E /* ProjectViewModel+Filters.swift */ = {isa = PBXFileReference; lastKnownFileType = sourcecode.swift; path = "ProjectViewModel+Filters.swift"; sourceTree = "<group>"; };
		D4427A502DE090C600E70B1E /* ProjectViewModel+Import.swift */ = {isa = PBXFileReference; lastKnownFileType = sourcecode.swift; path = "ProjectViewModel+Import.swift"; sourceTree = "<group>"; };
		D4427A512DE090C600E70B1E /* ProjectViewModel+Receipts.swift */ = {isa = PBXFileReference; lastKnownFileType = sourcecode.swift; path = "ProjectViewModel+Receipts.swift"; sourceTree = "<group>"; };
		D4427A522DE090C600E70B1E /* ProjectViewModel+TimeEntry.swift */ = {isa = PBXFileReference; lastKnownFileType = sourcecode.swift; path = "ProjectViewModel+TimeEntry.swift"; sourceTree = "<group>"; };
		D4427A532DE090C600E70B1E /* ReceiptsViewModel.swift */ = {isa = PBXFileReference; lastKnownFileType = sourcecode.swift; path = ReceiptsViewModel.swift; sourceTree = "<group>"; };
		D4427AA42DE0914600E70B1E /* Assets.xcassets */ = {isa = PBXFileReference; lastKnownFileType = folder.assetcatalog; path = Assets.xcassets; sourceTree = "<group>"; };
		D4427AB42DE26CAA00E70B1E /* AuthService.swift */ = {isa = PBXFileReference; lastKnownFileType = sourcecode.swift; path = AuthService.swift; sourceTree = "<group>"; };
		D4427AB82DE26CC300E70B1E /* CloudKitAuthService.swift */ = {isa = PBXFileReference; lastKnownFileType = sourcecode.swift; path = CloudKitAuthService.swift; sourceTree = "<group>"; };
		D4427ABA2DE26CD000E70B1E /* ReceiptValidationService.swift */ = {isa = PBXFileReference; lastKnownFileType = sourcecode.swift; path = ReceiptValidationService.swift; sourceTree = "<group>"; };
		D4427ACB2DE26D7B00E70B1E /* AuthViewModel.swift */ = {isa = PBXFileReference; lastKnownFileType = sourcecode.swift; path = AuthViewModel.swift; sourceTree = "<group>"; };
		D4427BFD2DE3AED800E70B1E /* RHEIR-Info.plist */ = {isa = PBXFileReference; lastKnownFileType = text.plist; path = "RHEIR-Info.plist"; sourceTree = "<group>"; };
		D4427BFE2DE3B75A00E70B1E /* AppleIDAuthService.swift */ = {isa = PBXFileReference; lastKnownFileType = sourcecode.swift; path = AppleIDAuthService.swift; sourceTree = "<group>"; };
		D4427C042DE3E66600E70B1E /* RemoteAuthService.swift */ = {isa = PBXFileReference; lastKnownFileType = sourcecode.swift; path = RemoteAuthService.swift; sourceTree = "<group>"; };
		D4427PV12DE26CAA00E70B1E /* PreviewAuthService.swift */ = {isa = PBXFileReference; lastKnownFileType = sourcecode.swift; path = PreviewAuthService.swift; sourceTree = "<group>"; };
		D442C31F915A5121 /* CloudKitPhotoService.swift */ = {isa = PBXFileReference; lastKnownFileType = sourcecode.swift; path = CloudKitPhotoService.swift; sourceTree = "<group>"; };
		D442DEA6C7D5DE76 /* TaskPhoto.swift */ = {isa = PBXFileReference; lastKnownFileType = sourcecode.swift; path = TaskPhoto.swift; sourceTree = "<group>"; };
		D442E530D0DFA1BA /* OfflineDataManager.swift */ = {isa = PBXFileReference; lastKnownFileType = sourcecode.swift; path = OfflineDataManager.swift; sourceTree = "<group>"; };
		D4635E252DF208DB00A936E0 /* CloudKit.framework */ = {isa = PBXFileReference; lastKnownFileType = wrapper.framework; name = CloudKit.framework; path = System/Library/Frameworks/CloudKit.framework; sourceTree = SDKROOT; };
		D4635E272DF208EC00A936E0 /* AuthenticationServices.framework */ = {isa = PBXFileReference; lastKnownFileType = wrapper.framework; name = AuthenticationServices.framework; path = System/Library/Frameworks/AuthenticationServices.framework; sourceTree = SDKROOT; };
		D4AF9CE62DF2642A00D3169F /* RHEIR.entitlements */ = {isa = PBXFileReference; lastKnownFileType = text.plist.entitlements; path = RHEIR.entitlements; sourceTree = "<group>"; };
		D4AF9CE72DF37CA700D3169F /* CloudKitAuthService+User.swift */ = {isa = PBXFileReference; lastKnownFileType = sourcecode.swift; path = "CloudKitAuthService+User.swift"; sourceTree = "<group>"; };
		D4AF9CE92DF37CBC00D3169F /* CloudKitAuthService+Organization.swift */ = {isa = PBXFileReference; lastKnownFileType = sourcecode.swift; path = "CloudKitAuthService+Organization.swift"; sourceTree = "<group>"; };
		D4D087998CBC43C585EE6395 /* VendorManagementService.swift */ = {isa = PBXFileReference; lastKnownFileType = sourcecode.swift; path = VendorManagementService.swift; sourceTree = "<group>"; };
/* End PBXFileReference section */

/* Begin PBXFileSystemSynchronizedBuildFileExceptionSet section */
		D4F5EC712DE5E7E3007C1A60 /* Exceptions for "Views" folder in "RHEIR" target */ = {
			isa = PBXFileSystemSynchronizedBuildFileExceptionSet;
			membershipExceptions = (
				Auth/InviteUserView.swift,
			);
			target = D44279C42DE08FA000E70B1E /* RHEIR */;
		};
/* End PBXFileSystemSynchronizedBuildFileExceptionSet section */

/* Begin PBXFileSystemSynchronizedRootGroup section */
		D44279D52DE08FA100E70B1E /* RHEIRTests */ = {
			isa = PBXFileSystemSynchronizedRootGroup;
			path = RHEIRTests;
			sourceTree = "<group>";
		};
		D44279DF2DE08FA100E70B1E /* RHEIRUITests */ = {
			isa = PBXFileSystemSynchronizedRootGroup;
			path = RHEIRUITests;
			sourceTree = "<group>";
		};
		D4427AAB2DE2670400E70B1E /* Subcomponents */ = {
			isa = PBXFileSystemSynchronizedRootGroup;
			path = Subcomponents;
			sourceTree = "<group>";
		};
		D4427ABE2DE26CF500E70B1E /* User */ = {
			isa = PBXFileSystemSynchronizedRootGroup;
			path = User;
			sourceTree = "<group>";
		};
		D4427AD12DE26DAD00E70B1E /* Views */ = {
			isa = PBXFileSystemSynchronizedRootGroup;
			exceptions = (
				D4F5EC712DE5E7E3007C1A60 /* Exceptions for "Views" folder in "RHEIR" target */,
			);
			path = Views;
			sourceTree = "<group>";
		};
		D4427C0A2DE3E9EA00E70B1E /* Debug */ = {
			isa = PBXFileSystemSynchronizedRootGroup;
			path = Debug;
			sourceTree = "<group>";
		};
/* End PBXFileSystemSynchronizedRootGroup section */

/* Begin PBXFrameworksBuildPhase section */
		D44279C22DE08FA000E70B1E /* Frameworks */ = {
			isa = PBXFrameworksBuildPhase;
			buildActionMask = 2147483647;
			files = (
				D4635E282DF208EC00A936E0 /* AuthenticationServices.framework in Frameworks */,
				D4635E262DF208DB00A936E0 /* CloudKit.framework in Frameworks */,
			);
			runOnlyForDeploymentPostprocessing = 0;
		};
		D44279CF2DE08FA100E70B1E /* Frameworks */ = {
			isa = PBXFrameworksBuildPhase;
			buildActionMask = 2147483647;
			files = (
			);
			runOnlyForDeploymentPostprocessing = 0;
		};
		D44279D92DE08FA100E70B1E /* Frameworks */ = {
			isa = PBXFrameworksBuildPhase;
			buildActionMask = 2147483647;
			files = (
			);
			runOnlyForDeploymentPostprocessing = 0;
		};
/* End PBXFrameworksBuildPhase section */

/* Begin PBXGroup section */
		D44279BC2DE08FA000E70B1E = {
			isa = PBXGroup;
			children = (
				D4AF9CE62DF2642A00D3169F /* RHEIR.entitlements */,
				D4427BFD2DE3AED800E70B1E /* RHEIR-Info.plist */,
				D4427AA42DE0914600E70B1E /* Assets.xcassets */,
				D44279F42DE090A300E70B1E /* App */,
				D4427A552DE090C600E70B1E /* Shared */,
				D44279D52DE08FA100E70B1E /* RHEIRTests */,
				D44279DF2DE08FA100E70B1E /* RHEIRUITests */,
				D4635E242DF208DB00A936E0 /* Frameworks */,
				D44279C62DE08FA000E70B1E /* Products */,
			);
			sourceTree = "<group>";
		};
		D44279C62DE08FA000E70B1E /* Products */ = {
			isa = PBXGroup;
			children = (
				D44279C52DE08FA000E70B1E /* RHEIR.app */,
				D44279D22DE08FA100E70B1E /* RHEIRTests.xctest */,
				D44279DC2DE08FA100E70B1E /* RHEIRUITests.xctest */,
			);
			name = Products;
			sourceTree = "<group>";
		};
		D44279F42DE090A300E70B1E /* App */ = {
			isa = PBXGroup;
			children = (
				D44279F12DE090A300E70B1E /* LandingPageView.swift */,
				D44279F22DE090A300E70B1E /* MainTabView.swift */,
				D44279F32DE090A300E70B1E /* RheirApp.swift */,
			);
			path = App;
			sourceTree = "<group>";
		};
		D44279FA2DE090C600E70B1E /* Budget */ = {
			isa = PBXGroup;
			children = (
				D44279F82DE090C600E70B1E /* BudgetBreakdownView.swift */,
				D44279F92DE090C600E70B1E /* BudgetView.swift */,
				D4427AAB2DE2670400E70B1E /* Subcomponents */,
			);
			path = Budget;
			sourceTree = "<group>";
		};
		D44279FD2DE090C600E70B1E /* Clients */ = {
			isa = PBXGroup;
			children = (
				D44279FB2DE090C600E70B1E /* ClientCardView.swift */,
				D44279FC2DE090C600E70B1E /* ClientView.swift */,
			);
			path = Clients;
			sourceTree = "<group>";
		};
		D4427A002DE090C600E70B1E /* CompletedProjects */ = {
			isa = PBXGroup;
			children = (
				D44279FE2DE090C600E70B1E /* CompletedProjectDetailView.swift */,
				D44279FF2DE090C600E70B1E /* CompletedProjectsView.swift */,
			);
			path = CompletedProjects;
			sourceTree = "<group>";
		};
		D4427A032DE090C600E70B1E /* Dashboard */ = {
			isa = PBXGroup;
			children = (
				D4427A012DE090C600E70B1E /* DashboardView.swift */,
				D4427A022DE090C600E70B1E /* DashboardViewModel.swift */,
			);
			path = Dashboard;
			sourceTree = "<group>";
		};
		D4427A0B2DE090C600E70B1E /* Progress */ = {
			isa = PBXGroup;
			children = (
				D4427A042DE090C600E70B1E /* AddProgressView.swift */,
				D4427A052DE090C600E70B1E /* CategoryProgressView.swift */,
				D4427A062DE090C600E70B1E /* DailyProgressView.swift */,
				D4427A072DE090C600E70B1E /* EditProgressView.swift */,
				D4427A082DE090C600E70B1E /* MultiSelectEmployeesView.swift */,
				D4427A092DE090C600E70B1E /* ProgressDetailView.swift */,
				D4427A0A2DE090C600E70B1E /* ZoomableImageView.swift */,
			);
			path = Progress;
			sourceTree = "<group>";
		};
		D4427A152DE090C600E70B1E /* Projects */ = {
			isa = PBXGroup;
			children = (
				D4427A0C2DE090C600E70B1E /* ChangeOrderView.swift */,
				D4427A0D2DE090C600E70B1E /* CommunicationLogsView.swift */,
				D4427A0E2DE090C600E70B1E /* EditProjectView.swift */,
				D4427A0F2DE090C600E70B1E /* NewProjectView.swift */,
				D4427A102DE090C600E70B1E /* PastDueView.swift */,
				D4427A112DE090C600E70B1E /* ProjectCardView.swift */,
				D4427A122DE090C600E70B1E /* ProjectDetailview.swift */,
				D4427A132DE090C600E70B1E /* ProjectsListView.swift */,
				D4427A142DE090C600E70B1E /* TasksListView.swift */,
			);
			path = Projects;
			sourceTree = "<group>";
		};
		D4427A202DE090C600E70B1E /* Receipts */ = {
			isa = PBXGroup;
			children = (
				D4427A162DE090C600E70B1E /* ManualReceiptEntryView.swift */,
				D4427A172DE090C600E70B1E /* ReceiptDetailView.swift */,
				D4427A182DE090C600E70B1E /* ReceiptEditView.swift */,
				D4427A192DE090C600E70B1E /* ReceiptFilterCategory.swift */,
				D4427A1A2DE090C600E70B1E /* ReceiptRowView.swift */,
				D4427A1B2DE090C600E70B1E /* ReceiptScannerCoordinator.swift */,
				D4427A1C2DE090C600E70B1E /* ReceiptScannerView.swift */,
				D4427A1D2DE090C600E70B1E /* ReceiptsView.swift */,
				D4427A1E2DE090C600E70B1E /* ScannedReceiptEntryView.swift */,
				D4427A1F2DE090C600E70B1E /* View+Italic.swift */,
			);
			path = Receipts;
			sourceTree = "<group>";
		};
		D4427A292DE090C600E70B1E /* TimeEntry */ = {
			isa = PBXGroup;
			children = (
				D4427A212DE090C600E70B1E /* AddEmployeeView.swift */,
				D4427A222DE090C600E70B1E /* EmployeeHoursDetailView.swift */,
				D4427A232DE090C600E70B1E /* EmployeeHoursList.swift */,
				D4427A242DE090C600E70B1E /* LaborEditView.swift */,
				D4427A252DE090C600E70B1E /* LaborModuleView.swift */,
				D4427A262DE090C600E70B1E /* LogHoursView.swift */,
				D4427A272DE090C600E70B1E /* PaymentDetailView.swift */,
				D4427A282DE090C600E70B1E /* QuickClockView.swift */,
			);
			path = TimeEntry;
			sourceTree = "<group>";
		};
		D4427A2A2DE090C600E70B1E /* Features */ = {
			isa = PBXGroup;
			children = (
				D44279FA2DE090C600E70B1E /* Budget */,
				D44279FD2DE090C600E70B1E /* Clients */,
				D4427A002DE090C600E70B1E /* CompletedProjects */,
				D4427A032DE090C600E70B1E /* Dashboard */,
				D4427A0B2DE090C600E70B1E /* Progress */,
				D4427A152DE090C600E70B1E /* Projects */,
				D4427A202DE090C600E70B1E /* Receipts */,
				D4427A292DE090C600E70B1E /* TimeEntry */,
			);
			path = Features;
			sourceTree = "<group>";
		};
		D4427A362DE090C600E70B1E /* Models */ = {
			isa = PBXGroup;
			children = (
				D4427ABE2DE26CF500E70B1E /* User */,
				D4427A2B2DE090C600E70B1E /* ChangeOrder.swift */,
				D4427A2C2DE090C600E70B1E /* Communication.swift */,
				D4427A2D2DE090C600E70B1E /* Employee.swift */,
				D4427A2E2DE090C600E70B1E /* EmployeeRate.swift */,
				D4427A2F2DE090C600E70B1E /* ProgressLog.swift */,
				D4427A302DE090C600E70B1E /* Project.swift */,
				D4427A312DE090C600E70B1E /* ProjectStatus.swift */,
				D4427A322DE090C600E70B1E /* ProjectTask.swift */,
				D4427A332DE090C600E70B1E /* Receipt.swift */,
				D4427A342DE090C600E70B1E /* TaskTemplate.swift */,
				D4427A352DE090C600E70B1E /* WorkHour.swift */,
				D4421223AC6AA9FB /* ReceiptPhoto.swift */,
				D442117C9B4CDC28 /* ProgressPhoto.swift */,
				D442DEA6C7D5DE76 /* TaskPhoto.swift */,
			);
			path = Models;
			sourceTree = "<group>";
		};
		D4427A372DE090C600E70B1E /* Navigation */ = {
			isa = PBXGroup;
			children = (
			);
			path = Navigation;
			sourceTree = "<group>";
		};
		D4427A382DE090C600E70B1E /* Services */ = {
			isa = PBXGroup;
			children = (
				D4427C0A2DE3E9EA00E70B1E /* Debug */,
				D4427AB42DE26CAA00E70B1E /* AuthService.swift */,
				D4427AB82DE26CC300E70B1E /* CloudKitAuthService.swift */,
				D4427PV12DE26CAA00E70B1E /* PreviewAuthService.swift */,
				D4AF9CE92DF37CBC00D3169F /* CloudKitAuthService+Organization.swift */,
				D4AF9CE72DF37CA700D3169F /* CloudKitAuthService+User.swift */,
				D4427ABA2DE26CD000E70B1E /* ReceiptValidationService.swift */,
				D4427BFE2DE3B75A00E70B1E /* AppleIDAuthService.swift */,
				D4427C042DE3E66600E70B1E /* RemoteAuthService.swift */,
				D442E530D0DFA1BA /* OfflineDataManager.swift */,
				D4425A3CEB2E308E /* SimpleCloudKitSharingService.swift */,
				D4D087998CBC43C585EE6395 /* VendorManagementService.swift */,
				614DE1CD44BF4DFA96D40947 /* PaymentMethodManagementService.swift */,
				D442C31F915A5121 /* CloudKitPhotoService.swift */,
			);
			path = Services;
			sourceTree = "<group>";
		};
		D4427A492DE090C600E70B1E /* Shared */ = {
			isa = PBXGroup;
			children = (
				D4427A392DE090C600E70B1E /* ButtonStyles.swift */,
				D4427A3A2DE090C600E70B1E /* CameraCaptureView.swift */,
				D4427A3B2DE090C600E70B1E /* CameraPermission.swift */,
				D4427A3C2DE090C600E70B1E /* Currency+Formatting.swift */,
				D4427A3D2DE090C600E70B1E /* FAB.swift */,
				D4427A3E2DE090C600E70B1E /* FadingProgressBar.swift */,
				D4427A3F2DE090C600E70B1E /* FloatingActionButton.swift */,
				D4427A402DE090C600E70B1E /* GeneralConditionsTip.swift */,
				D4427A412DE090C600E70B1E /* ImagePicker.swift */,
				D4427A422DE090C600E70B1E /* JSONDocument.swift */,
				D4427A432DE090C600E70B1E /* NavigationRouting.swift */,
				D4427A442DE090C600E70B1E /* ProgressBar.swift */,
				D4427A452DE090C600E70B1E /* RootView.swift */,
				D4427A462DE090C600E70B1E /* SidebarView.swift */,
				D4427A472DE090C600E70B1E /* SplashScreenView.swift */,
				D4427A482DE090C600E70B1E /* tab.swift */,
			);
			path = Shared;
			sourceTree = "<group>";
		};
		D4427A4A2DE090C600E70B1E /* Utilities */ = {
			isa = PBXGroup;
			children = (
				D4427A492DE090C600E70B1E /* Shared */,
			);
			path = Utilities;
			sourceTree = "<group>";
		};
		D4427A542DE090C600E70B1E /* ViewModels */ = {
			isa = PBXGroup;
			children = (
				D4427A4C2DE090C600E70B1E /* ProjectViewModel.swift */,
				D4427A4D2DE090C600E70B1E /* ProjectViewModel+Clocking.swift */,
				D4427A4E2DE090C600E70B1E /* ProjectViewModel+Employees.swift */,
				D4427A4F2DE090C600E70B1E /* ProjectViewModel+Filters.swift */,
				D4427A502DE090C600E70B1E /* ProjectViewModel+Import.swift */,
				D4427A512DE090C600E70B1E /* ProjectViewModel+Receipts.swift */,
				D4427A522DE090C600E70B1E /* ProjectViewModel+TimeEntry.swift */,
				D4427A532DE090C600E70B1E /* ReceiptsViewModel.swift */,
				D4427ACB2DE26D7B00E70B1E /* AuthViewModel.swift */,
			);
			path = ViewModels;
			sourceTree = "<group>";
		};
		D4427A552DE090C600E70B1E /* Shared */ = {
			isa = PBXGroup;
			children = (
				D4427AD12DE26DAD00E70B1E /* Views */,
				D4427A2A2DE090C600E70B1E /* Features */,
				D4427A362DE090C600E70B1E /* Models */,
				D4427A372DE090C600E70B1E /* Navigation */,
				D4427A382DE090C600E70B1E /* Services */,
				D4427A4A2DE090C600E70B1E /* Utilities */,
				D4427A542DE090C600E70B1E /* ViewModels */,
			);
			path = Shared;
			sourceTree = "<group>";
		};
		D4635E242DF208DB00A936E0 /* Frameworks */ = {
			isa = PBXGroup;
			children = (
				D4635E272DF208EC00A936E0 /* AuthenticationServices.framework */,
				D4635E252DF208DB00A936E0 /* CloudKit.framework */,
			);
			name = Frameworks;
			sourceTree = "<group>";
		};
/* End PBXGroup section */

/* Begin PBXNativeTarget section */
		D44279C42DE08FA000E70B1E /* RHEIR */ = {
			isa = PBXNativeTarget;
			buildConfigurationList = D44279E62DE08FA100E70B1E /* Build configuration list for PBXNativeTarget "RHEIR" */;
			buildPhases = (
				D44279C12DE08FA000E70B1E /* Sources */,
				D44279C22DE08FA000E70B1E /* Frameworks */,
				D44279C32DE08FA000E70B1E /* Resources */,
			);
			buildRules = (
			);
			dependencies = (
			);
			fileSystemSynchronizedGroups = (
				D4427AAB2DE2670400E70B1E /* Subcomponents */,
				D4427ABE2DE26CF500E70B1E /* User */,
				D4427AD12DE26DAD00E70B1E /* Views */,
				D4427C0A2DE3E9EA00E70B1E /* Debug */,
			);
			name = RHEIR;
			packageProductDependencies = (
			);
			productName = RHEIR;
			productReference = D44279C52DE08FA000E70B1E /* RHEIR.app */;
			productType = "com.apple.product-type.application";
		};
		D44279D12DE08FA100E70B1E /* RHEIRTests */ = {
			isa = PBXNativeTarget;
			buildConfigurationList = D44279E92DE08FA100E70B1E /* Build configuration list for PBXNativeTarget "RHEIRTests" */;
			buildPhases = (
				D44279CE2DE08FA100E70B1E /* Sources */,
				D44279CF2DE08FA100E70B1E /* Frameworks */,
				D44279D02DE08FA100E70B1E /* Resources */,
			);
			buildRules = (
			);
			dependencies = (
				D44279D42DE08FA100E70B1E /* PBXTargetDependency */,
			);
			fileSystemSynchronizedGroups = (
				D44279D52DE08FA100E70B1E /* RHEIRTests */,
			);
			name = RHEIRTests;
			packageProductDependencies = (
			);
			productName = RHEIRTests;
			productReference = D44279D22DE08FA100E70B1E /* RHEIRTests.xctest */;
			productType = "com.apple.product-type.bundle.unit-test";
		};
		D44279DB2DE08FA100E70B1E /* RHEIRUITests */ = {
			isa = PBXNativeTarget;
			buildConfigurationList = D44279EC2DE08FA100E70B1E /* Build configuration list for PBXNativeTarget "RHEIRUITests" */;
			buildPhases = (
				D44279D82DE08FA100E70B1E /* Sources */,
				D44279D92DE08FA100E70B1E /* Frameworks */,
				D44279DA2DE08FA100E70B1E /* Resources */,
			);
			buildRules = (
			);
			dependencies = (
				D44279DE2DE08FA100E70B1E /* PBXTargetDependency */,
			);
			fileSystemSynchronizedGroups = (
				D44279DF2DE08FA100E70B1E /* RHEIRUITests */,
			);
			name = RHEIRUITests;
			packageProductDependencies = (
			);
			productName = RHEIRUITests;
			productReference = D44279DC2DE08FA100E70B1E /* RHEIRUITests.xctest */;
			productType = "com.apple.product-type.bundle.ui-testing";
		};
/* End PBXNativeTarget section */

/* Begin PBXProject section */
		D44279BD2DE08FA000E70B1E /* Project object */ = {
			isa = PBXProject;
			attributes = {
				BuildIndependentTargetsInParallel = 1;
				LastSwiftUpdateCheck = 1630;
				LastUpgradeCheck = 1640;
				TargetAttributes = {
					D44279C42DE08FA000E70B1E = {
						CreatedOnToolsVersion = 16.3;
					};
					D44279D12DE08FA100E70B1E = {
						CreatedOnToolsVersion = 16.3;
						TestTargetID = D44279C42DE08FA000E70B1E;
					};
					D44279DB2DE08FA100E70B1E = {
						CreatedOnToolsVersion = 16.3;
						TestTargetID = D44279C42DE08FA000E70B1E;
					};
				};
			};
			buildConfigurationList = D44279C02DE08FA000E70B1E /* Build configuration list for PBXProject "RHEIR" */;
			developmentRegion = en;
			hasScannedForEncodings = 0;
			knownRegions = (
				en,
				Base,
			);
			mainGroup = D44279BC2DE08FA000E70B1E;
			minimizedProjectReferenceProxies = 1;
			preferredProjectObjectVersion = 77;
			productRefGroup = D44279C62DE08FA000E70B1E /* Products */;
			projectDirPath = "";
			projectRoot = "";
			targets = (
				D44279C42DE08FA000E70B1E /* RHEIR */,
				D44279D12DE08FA100E70B1E /* RHEIRTests */,
				D44279DB2DE08FA100E70B1E /* RHEIRUITests */,
			);
		};
/* End PBXProject section */

/* Begin PBXResourcesBuildPhase section */
		D44279C32DE08FA000E70B1E /* Resources */ = {
			isa = PBXResourcesBuildPhase;
			buildActionMask = 2147483647;
			files = (
				D4427AA52DE0914600E70B1E /* Assets.xcassets in Resources */,
			);
			runOnlyForDeploymentPostprocessing = 0;
		};
		D44279D02DE08FA100E70B1E /* Resources */ = {
			isa = PBXResourcesBuildPhase;
			buildActionMask = 2147483647;
			files = (
			);
			runOnlyForDeploymentPostprocessing = 0;
		};
		D44279DA2DE08FA100E70B1E /* Resources */ = {
			isa = PBXResourcesBuildPhase;
			buildActionMask = 2147483647;
			files = (
			);
			runOnlyForDeploymentPostprocessing = 0;
		};
/* End PBXResourcesBuildPhase section */

/* Begin PBXSourcesBuildPhase section */
		D44279C12DE08FA000E70B1E /* Sources */ = {
			isa = PBXSourcesBuildPhase;
			buildActionMask = 2147483647;
			files = (
				D44279F52DE090A300E70B1E /* MainTabView.swift in Sources */,
				D44279F62DE090A300E70B1E /* RheirApp.swift in Sources */,
				D4427A562DE090C600E70B1E /* ReceiptFilterCategory.swift in Sources */,
				D4427A572DE090C600E70B1E /* EmployeeHoursDetailView.swift in Sources */,
				D4427A582DE090C600E70B1E /* ProjectViewModel+Receipts.swift in Sources */,
				D4427A592DE090C600E70B1E /* WorkHour.swift in Sources */,
				D4427A5A2DE090C600E70B1E /* ButtonStyles.swift in Sources */,
				D4427A5B2DE090C600E70B1E /* RootView.swift in Sources */,
				D4427A5C2DE090C600E70B1E /* LaborModuleView.swift in Sources */,
				D4427A5D2DE090C600E70B1E /* SidebarView.swift in Sources */,
				D4427A5E2DE090C600E70B1E /* FloatingActionButton.swift in Sources */,
				D4427A5F2DE090C600E70B1E /* ClientView.swift in Sources */,
				D4427A602DE090C600E70B1E /* ProjectViewModel+Import.swift in Sources */,
				D4427A612DE090C600E70B1E /* NavigationRouting.swift in Sources */,
				D4427A622DE090C600E70B1E /* PaymentDetailView.swift in Sources */,
				D4427A632DE090C600E70B1E /* FadingProgressBar.swift in Sources */,
				D4427A642DE090C600E70B1E /* EditProgressView.swift in Sources */,
				D4427A652DE090C600E70B1E /* ZoomableImageView.swift in Sources */,
				D4427A662DE090C600E70B1E /* ProjectTask.swift in Sources */,
				D4427A672DE090C600E70B1E /* ProjectDetailview.swift in Sources */,
				D4427A682DE090C600E70B1E /* CameraCaptureView.swift in Sources */,
				D4427A692DE090C600E70B1E /* ProgressLog.swift in Sources */,
				D4427A6A2DE090C600E70B1E /* LaborEditView.swift in Sources */,
				D4427A6B2DE090C600E70B1E /* CompletedProjectsView.swift in Sources */,
				D4427A6C2DE090C600E70B1E /* TaskTemplate.swift in Sources */,
				D4427A6D2DE090C600E70B1E /* DashboardViewModel.swift in Sources */,
				D4427A6E2DE090C600E70B1E /* ProgressDetailView.swift in Sources */,
				D4427A6F2DE090C600E70B1E /* JSONDocument.swift in Sources */,
				D4427BFF2DE3B75A00E70B1E /* AppleIDAuthService.swift in Sources */,
				D4427A702DE090C600E70B1E /* ProjectsListView.swift in Sources */,
				D4427A712DE090C600E70B1E /* CompletedProjectDetailView.swift in Sources */,
				D4427A722DE090C600E70B1E /* ProjectViewModel.swift in Sources */,
				D4427A732DE090C600E70B1E /* CameraPermission.swift in Sources */,
				D4427A742DE090C600E70B1E /* DashboardView.swift in Sources */,
				D4427A752DE090C600E70B1E /* AddProgressView.swift in Sources */,
				D4427A762DE090C600E70B1E /* ReceiptRowView.swift in Sources */,
				D4427A772DE090C600E70B1E /* MultiSelectEmployeesView.swift in Sources */,
				D4427A782DE090C600E70B1E /* TasksListView.swift in Sources */,
				D4427A792DE090C600E70B1E /* NewProjectView.swift in Sources */,
				D4427ABB2DE26CD000E70B1E /* ReceiptValidationService.swift in Sources */,
				D4AF9CEA2DF37CBC00D3169F /* CloudKitAuthService+Organization.swift in Sources */,
				D4427A7A2DE090C600E70B1E /* Currency+Formatting.swift in Sources */,
				D4427A7B2DE090C600E70B1E /* ManualReceiptEntryView.swift in Sources */,
				D4427A7C2DE090C600E70B1E /* Communication.swift in Sources */,
				D4427A7D2DE090C600E70B1E /* ProjectStatus.swift in Sources */,
				D4427C052DE3E66600E70B1E /* RemoteAuthService.swift in Sources */,
				D4427A7E2DE090C600E70B1E /* EmployeeHoursList.swift in Sources */,
				D4427A7F2DE090C600E70B1E /* ReceiptDetailView.swift in Sources */,
				D4427A802DE090C600E70B1E /* ReceiptsViewModel.swift in Sources */,
				D4427A812DE090C600E70B1E /* LogHoursView.swift in Sources */,
				D4427A822DE090C600E70B1E /* CommunicationLogsView.swift in Sources */,
				D4427A832DE090C600E70B1E /* tab.swift in Sources */,
				D4427A842DE090C600E70B1E /* View+Italic.swift in Sources */,
				D4427A852DE090C600E70B1E /* ProjectViewModel+TimeEntry.swift in Sources */,
				D4427A862DE090C600E70B1E /* ClientCardView.swift in Sources */,
				D4427A872DE090C600E70B1E /* CategoryProgressView.swift in Sources */,
				D4427A882DE090C600E70B1E /* EmployeeRate.swift in Sources */,
				D4427A892DE090C600E70B1E /* ReceiptScannerView.swift in Sources */,
				D4427A8A2DE090C600E70B1E /* ProjectCardView.swift in Sources */,
				D4427A8B2DE090C600E70B1E /* ProgressBar.swift in Sources */,
				D4427A8C2DE090C600E70B1E /* BudgetBreakdownView.swift in Sources */,
				D4427A8D2DE090C600E70B1E /* ReceiptsView.swift in Sources */,
				D4427A8E2DE090C600E70B1E /* ProjectViewModel+Employees.swift in Sources */,
				D4427A8F2DE090C600E70B1E /* ProjectViewModel+Filters.swift in Sources */,
				D4427A902DE090C600E70B1E /* EditProjectView.swift in Sources */,
				D4427AB92DE26CC300E70B1E /* CloudKitAuthService.swift in Sources */,
				D4427PV22DE26CAA00E70B1E /* PreviewAuthService.swift in Sources */,
				D4427A912DE090C600E70B1E /* ScannedReceiptEntryView.swift in Sources */,
				D4AF9CE82DF37CA700D3169F /* CloudKitAuthService+User.swift in Sources */,
				D4427A922DE090C600E70B1E /* PastDueView.swift in Sources */,
				D4427A932DE090C600E70B1E /* Receipt.swift in Sources */,
				D4427A942DE090C600E70B1E /* DailyProgressView.swift in Sources */,
				D4427A952DE090C600E70B1E /* ReceiptEditView.swift in Sources */,
				D4427A962DE090C600E70B1E /* SplashScreenView.swift in Sources */,
				D4427A972DE090C600E70B1E /* BudgetView.swift in Sources */,
				D4427A992DE090C600E70B1E /* AddEmployeeView.swift in Sources */,
				D4427A9A2DE090C600E70B1E /* ReceiptScannerCoordinator.swift in Sources */,
				D4427A9B2DE090C600E70B1E /* Project.swift in Sources */,
				D4427A9C2DE090C600E70B1E /* GeneralConditionsTip.swift in Sources */,
				D4427A9D2DE090C600E70B1E /* Employee.swift in Sources */,
				D4635E302DF230EE00A936E0 /* AuthViewModel.swift in Sources */,
				D4427A9E2DE090C600E70B1E /* ChangeOrderView.swift in Sources */,
				D4427A9F2DE090C600E70B1E /* ProjectViewModel+Clocking.swift in Sources */,
				D4427AA02DE090C600E70B1E /* QuickClockView.swift in Sources */,
				D4427AA12DE090C600E70B1E /* ChangeOrder.swift in Sources */,
				D4427AA22DE090C600E70B1E /* FAB.swift in Sources */,
				D4427AB52DE26CAA00E70B1E /* AuthService.swift in Sources */,
				D4D087998CBC43C585EE6394 /* VendorManagementService.swift in Sources */,
				614DE1CD44BF4DFA96D40946 /* PaymentMethodManagementService.swift in Sources */,
				D4427AA32DE090C600E70B1E /* ImagePicker.swift in Sources */,
				D4424E47087ACEFD /* ReceiptPhoto.swift in Sources */,
				D442FE828A30247D /* ProgressPhoto.swift in Sources */,
				D442C65597E66F71 /* TaskPhoto.swift in Sources */,
				D442FEDB20BE283E /* OfflineDataManager.swift in Sources */,
				D4426DB2A442CE58 /* SimpleCloudKitSharingService.swift in Sources */,
				D442BD5D64F1F00C /* CloudKitPhotoService.swift in Sources */,
				D44279F72DE090A300E70B1E /* LandingPageView.swift in Sources */,
			);
			runOnlyForDeploymentPostprocessing = 0;
		};
		D44279CE2DE08FA100E70B1E /* Sources */ = {
			isa = PBXSourcesBuildPhase;
			buildActionMask = 2147483647;
			files = (
			);
			runOnlyForDeploymentPostprocessing = 0;
		};
		D44279D82DE08FA100E70B1E /* Sources */ = {
			isa = PBXSourcesBuildPhase;
			buildActionMask = 2147483647;
			files = (
			);
			runOnlyForDeploymentPostprocessing = 0;
		};
/* End PBXSourcesBuildPhase section */

/* Begin PBXTargetDependency section */
		D44279D42DE08FA100E70B1E /* PBXTargetDependency */ = {
			isa = PBXTargetDependency;
			target = D44279C42DE08FA000E70B1E /* RHEIR */;
			targetProxy = D44279D32DE08FA100E70B1E /* PBXContainerItemProxy */;
		};
		D44279DE2DE08FA100E70B1E /* PBXTargetDependency */ = {
			isa = PBXTargetDependency;
			target = D44279C42DE08FA000E70B1E /* RHEIR */;
			targetProxy = D44279DD2DE08FA100E70B1E /* PBXContainerItemProxy */;
		};
/* End PBXTargetDependency section */

/* Begin XCBuildConfiguration section */
		D44279E42DE08FA100E70B1E /* Debug */ = {
			isa = XCBuildConfiguration;
			buildSettings = {
				ALWAYS_SEARCH_USER_PATHS = NO;
				ASSETCATALOG_COMPILER_GENERATE_SWIFT_ASSET_SYMBOL_EXTENSIONS = YES;
				CLANG_ANALYZER_NONNULL = YES;
				CLANG_ANALYZER_NUMBER_OBJECT_CONVERSION = YES_AGGRESSIVE;
				CLANG_CXX_LANGUAGE_STANDARD = "gnu++20";
				CLANG_ENABLE_MODULES = YES;
				CLANG_ENABLE_OBJC_ARC = YES;
				CLANG_ENABLE_OBJC_WEAK = YES;
				CLANG_WARN_BLOCK_CAPTURE_AUTORELEASING = YES;
				CLANG_WARN_BOOL_CONVERSION = YES;
				CLANG_WARN_COMMA = YES;
				CLANG_WARN_CONSTANT_CONVERSION = YES;
				CLANG_WARN_DEPRECATED_OBJC_IMPLEMENTATIONS = YES;
				CLANG_WARN_DIRECT_OBJC_ISA_USAGE = YES_ERROR;
				CLANG_WARN_DOCUMENTATION_COMMENTS = YES;
				CLANG_WARN_EMPTY_BODY = YES;
				CLANG_WARN_ENUM_CONVERSION = YES;
				CLANG_WARN_INFINITE_RECURSION = YES;
				CLANG_WARN_INT_CONVERSION = YES;
				CLANG_WARN_NON_LITERAL_NULL_CONVERSION = YES;
				CLANG_WARN_OBJC_IMPLICIT_RETAIN_SELF = YES;
				CLANG_WARN_OBJC_LITERAL_CONVERSION = YES;
				CLANG_WARN_OBJC_ROOT_CLASS = YES_ERROR;
				CLANG_WARN_QUOTED_INCLUDE_IN_FRAMEWORK_HEADER = YES;
				CLANG_WARN_RANGE_LOOP_ANALYSIS = YES;
				CLANG_WARN_STRICT_PROTOTYPES = YES;
				CLANG_WARN_SUSPICIOUS_MOVE = YES;
				CLANG_WARN_UNGUARDED_AVAILABILITY = YES_AGGRESSIVE;
				CLANG_WARN_UNREACHABLE_CODE = YES;
				CLANG_WARN__DUPLICATE_METHOD_MATCH = YES;
				COPY_PHASE_STRIP = NO;
				DEBUG_INFORMATION_FORMAT = dwarf;
				DEVELOPMENT_TEAM = JC88DK343F;
				ENABLE_STRICT_OBJC_MSGSEND = YES;
				ENABLE_TESTABILITY = YES;
				ENABLE_USER_SCRIPT_SANDBOXING = YES;
				GCC_C_LANGUAGE_STANDARD = gnu17;
				GCC_DYNAMIC_NO_PIC = NO;
				GCC_NO_COMMON_BLOCKS = YES;
				GCC_OPTIMIZATION_LEVEL = 0;
				GCC_PREPROCESSOR_DEFINITIONS = (
					"DEBUG=1",
					"$(inherited)",
				);
				GCC_WARN_64_TO_32_BIT_CONVERSION = YES;
				GCC_WARN_ABOUT_RETURN_TYPE = YES_ERROR;
				GCC_WARN_UNDECLARED_SELECTOR = YES;
				GCC_WARN_UNINITIALIZED_AUTOS = YES_AGGRESSIVE;
				GCC_WARN_UNUSED_FUNCTION = YES;
				GCC_WARN_UNUSED_VARIABLE = YES;
				INFOPLIST_FILE = "";
				IPHONEOS_DEPLOYMENT_TARGET = 18.4;
				LOCALIZATION_PREFERS_STRING_CATALOGS = YES;
				MTL_ENABLE_DEBUG_INFO = INCLUDE_SOURCE;
				MTL_FAST_MATH = YES;
				ONLY_ACTIVE_ARCH = YES;
				SDKROOT = iphoneos;
				SWIFT_ACTIVE_COMPILATION_CONDITIONS = "DEBUG $(inherited)";
				SWIFT_OPTIMIZATION_LEVEL = "-Onone";
			};
			name = Debug;
		};
		D44279E52DE08FA100E70B1E /* Release */ = {
			isa = XCBuildConfiguration;
			buildSettings = {
				ALWAYS_SEARCH_USER_PATHS = NO;
				ASSETCATALOG_COMPILER_GENERATE_SWIFT_ASSET_SYMBOL_EXTENSIONS = YES;
				CLANG_ANALYZER_NONNULL = YES;
				CLANG_ANALYZER_NUMBER_OBJECT_CONVERSION = YES_AGGRESSIVE;
				CLANG_CXX_LANGUAGE_STANDARD = "gnu++20";
				CLANG_ENABLE_MODULES = YES;
				CLANG_ENABLE_OBJC_ARC = YES;
				CLANG_ENABLE_OBJC_WEAK = YES;
				CLANG_WARN_BLOCK_CAPTURE_AUTORELEASING = YES;
				CLANG_WARN_BOOL_CONVERSION = YES;
				CLANG_WARN_COMMA = YES;
				CLANG_WARN_CONSTANT_CONVERSION = YES;
				CLANG_WARN_DEPRECATED_OBJC_IMPLEMENTATIONS = YES;
				CLANG_WARN_DIRECT_OBJC_ISA_USAGE = YES_ERROR;
				CLANG_WARN_DOCUMENTATION_COMMENTS = YES;
				CLANG_WARN_EMPTY_BODY = YES;
				CLANG_WARN_ENUM_CONVERSION = YES;
				CLANG_WARN_INFINITE_RECURSION = YES;
				CLANG_WARN_INT_CONVERSION = YES;
				CLANG_WARN_NON_LITERAL_NULL_CONVERSION = YES;
				CLANG_WARN_OBJC_IMPLICIT_RETAIN_SELF = YES;
				CLANG_WARN_OBJC_LITERAL_CONVERSION = YES;
				CLANG_WARN_OBJC_ROOT_CLASS = YES_ERROR;
				CLANG_WARN_QUOTED_INCLUDE_IN_FRAMEWORK_HEADER = YES;
				CLANG_WARN_RANGE_LOOP_ANALYSIS = YES;
				CLANG_WARN_STRICT_PROTOTYPES = YES;
				CLANG_WARN_SUSPICIOUS_MOVE = YES;
				CLANG_WARN_UNGUARDED_AVAILABILITY = YES_AGGRESSIVE;
				CLANG_WARN_UNREACHABLE_CODE = YES;
				CLANG_WARN__DUPLICATE_METHOD_MATCH = YES;
				COPY_PHASE_STRIP = NO;
				DEBUG_INFORMATION_FORMAT = "dwarf-with-dsym";
				DEVELOPMENT_TEAM = JC88DK343F;
				ENABLE_NS_ASSERTIONS = NO;
				ENABLE_STRICT_OBJC_MSGSEND = YES;
				ENABLE_USER_SCRIPT_SANDBOXING = YES;
				GCC_C_LANGUAGE_STANDARD = gnu17;
				GCC_NO_COMMON_BLOCKS = YES;
				GCC_WARN_64_TO_32_BIT_CONVERSION = YES;
				GCC_WARN_ABOUT_RETURN_TYPE = YES_ERROR;
				GCC_WARN_UNDECLARED_SELECTOR = YES;
				GCC_WARN_UNINITIALIZED_AUTOS = YES_AGGRESSIVE;
				GCC_WARN_UNUSED_FUNCTION = YES;
				GCC_WARN_UNUSED_VARIABLE = YES;
				INFOPLIST_FILE = "";
				IPHONEOS_DEPLOYMENT_TARGET = 18.4;
				LOCALIZATION_PREFERS_STRING_CATALOGS = YES;
				MTL_ENABLE_DEBUG_INFO = NO;
				MTL_FAST_MATH = YES;
				SDKROOT = iphoneos;
				SWIFT_COMPILATION_MODE = wholemodule;
				VALIDATE_PRODUCT = YES;
			};
			name = Release;
		};
		D44279E72DE08FA100E70B1E /* Debug */ = {
			isa = XCBuildConfiguration;
			buildSettings = {
				ASSETCATALOG_COMPILER_APPICON_NAME = AppIcon;
				ASSETCATALOG_COMPILER_GLOBAL_ACCENT_COLOR_NAME = AccentColor;
				CODE_SIGN_ENTITLEMENTS = RHEIR.entitlements;
				CODE_SIGN_IDENTITY = "Apple Development";
				CODE_SIGN_STYLE = Automatic;
				CURRENT_PROJECT_VERSION = 1;
				DEVELOPMENT_TEAM = JC88DK343F;
				ENABLE_PREVIEWS = YES;
				GENERATE_INFOPLIST_FILE = YES;
				INFOPLIST_FILE = "RHEIR-Info.plist";
				INFOPLIST_KEY_CFBundleDisplayName = RHEIR;
				INFOPLIST_KEY_LSApplicationCategoryType = "public.app-category.business";
				INFOPLIST_KEY_NSCameraUsageDescription = "We need access to your camera so you can snap progress photos right in the app.";
				INFOPLIST_KEY_NSPhotoLibraryUsageDescription = "We need access to your photo library so you can attach existing progress photos";
				INFOPLIST_KEY_UIApplicationSceneManifest_Generation = YES;
				INFOPLIST_KEY_UIApplicationSupportsIndirectInputEvents = YES;
				INFOPLIST_KEY_UILaunchScreen_Generation = YES;
				INFOPLIST_KEY_UISupportedInterfaceOrientations_iPad = "UIInterfaceOrientationPortrait UIInterfaceOrientationPortraitUpsideDown UIInterfaceOrientationLandscapeLeft UIInterfaceOrientationLandscapeRight";
				INFOPLIST_KEY_UISupportedInterfaceOrientations_iPhone = "UIInterfaceOrientationPortrait UIInterfaceOrientationLandscapeLeft UIInterfaceOrientationLandscapeRight";
				LD_RUNPATH_SEARCH_PATHS = (
					"$(inherited)",
					"@executable_path/Frameworks",
				);
				MARKETING_VERSION = 1.0;
				PRODUCT_BUNDLE_IDENTIFIER = com.RheirHome.RHEIR;
				PRODUCT_NAME = "$(TARGET_NAME)";
				PROVISIONING_PROFILE_SPECIFIER = "";
				SWIFT_EMIT_LOC_STRINGS = YES;
				SWIFT_VERSION = 5.0;
				TARGETED_DEVICE_FAMILY = "1,2";
			};
			name = Debug;
		};
		D44279E82DE08FA100E70B1E /* Release */ = {
			isa = XCBuildConfiguration;
			buildSettings = {
				ASSETCATALOG_COMPILER_APPICON_NAME = AppIcon;
				ASSETCATALOG_COMPILER_GLOBAL_ACCENT_COLOR_NAME = AccentColor;
				CODE_SIGN_ENTITLEMENTS = RHEIR.entitlements;
				CODE_SIGN_IDENTITY = "Apple Development";
				CODE_SIGN_STYLE = Automatic;
				CURRENT_PROJECT_VERSION = 1;
				DEVELOPMENT_TEAM = JC88DK343F;
				ENABLE_PREVIEWS = YES;
				GENERATE_INFOPLIST_FILE = YES;
				INFOPLIST_FILE = "RHEIR-Info.plist";
				INFOPLIST_KEY_CFBundleDisplayName = RHEIR;
				INFOPLIST_KEY_LSApplicationCategoryType = "public.app-category.business";
				INFOPLIST_KEY_NSCameraUsageDescription = "We need access to your camera so you can snap progress photos right in the app.";
				INFOPLIST_KEY_NSPhotoLibraryUsageDescription = "We need access to your photo library so you can attach existing progress photos";
				INFOPLIST_KEY_UIApplicationSceneManifest_Generation = YES;
				INFOPLIST_KEY_UIApplicationSupportsIndirectInputEvents = YES;
				INFOPLIST_KEY_UILaunchScreen_Generation = YES;
				INFOPLIST_KEY_UISupportedInterfaceOrientations_iPad = "UIInterfaceOrientationPortrait UIInterfaceOrientationPortraitUpsideDown UIInterfaceOrientationLandscapeLeft UIInterfaceOrientationLandscapeRight";
				INFOPLIST_KEY_UISupportedInterfaceOrientations_iPhone = "UIInterfaceOrientationPortrait UIInterfaceOrientationLandscapeLeft UIInterfaceOrientationLandscapeRight";
				LD_RUNPATH_SEARCH_PATHS = (
					"$(inherited)",
					"@executable_path/Frameworks",
				);
				MARKETING_VERSION = 1.0;
				MTL_ENABLE_DEBUG_INFO = "DWARF with dSYM File";
				PRODUCT_BUNDLE_IDENTIFIER = com.RheirHome.RHEIR;
				PRODUCT_NAME = "$(TARGET_NAME)";
				PROVISIONING_PROFILE_SPECIFIER = "";
				SWIFT_EMIT_LOC_STRINGS = YES;
				SWIFT_VERSION = 5.0;
				TARGETED_DEVICE_FAMILY = "1,2";
			};
			name = Release;
		};
		D44279EA2DE08FA100E70B1E /* Debug */ = {
			isa = XCBuildConfiguration;
			buildSettings = {
				BUNDLE_LOADER = "$(TEST_HOST)";
				CODE_SIGN_STYLE = Automatic;
				CURRENT_PROJECT_VERSION = 1;
				DEVELOPMENT_TEAM = JC88DK343F;
				GENERATE_INFOPLIST_FILE = YES;
				IPHONEOS_DEPLOYMENT_TARGET = 18.4;
				MARKETING_VERSION = 1.0;
				PRODUCT_BUNDLE_IDENTIFIER = com.RheirHome.RHEIRTests;
				PRODUCT_NAME = "$(TARGET_NAME)";
				SWIFT_EMIT_LOC_STRINGS = NO;
				SWIFT_VERSION = 5.0;
				TARGETED_DEVICE_FAMILY = "1,2";
				TEST_HOST = "$(BUILT_PRODUCTS_DIR)/RHEIR.app/$(BUNDLE_EXECUTABLE_FOLDER_PATH)/RHEIR";
			};
			name = Debug;
		};
		D44279EB2DE08FA100E70B1E /* Release */ = {
			isa = XCBuildConfiguration;
			buildSettings = {
				BUNDLE_LOADER = "$(TEST_HOST)";
				CODE_SIGN_STYLE = Automatic;
				CURRENT_PROJECT_VERSION = 1;
				DEVELOPMENT_TEAM = JC88DK343F;
				GENERATE_INFOPLIST_FILE = YES;
				IPHONEOS_DEPLOYMENT_TARGET = 18.4;
				MARKETING_VERSION = 1.0;
				PRODUCT_BUNDLE_IDENTIFIER = com.RheirHome.RHEIRTests;
				PRODUCT_NAME = "$(TARGET_NAME)";
				SWIFT_EMIT_LOC_STRINGS = NO;
				SWIFT_VERSION = 5.0;
				TARGETED_DEVICE_FAMILY = "1,2";
				TEST_HOST = "$(BUILT_PRODUCTS_DIR)/RHEIR.app/$(BUNDLE_EXECUTABLE_FOLDER_PATH)/RHEIR";
			};
			name = Release;
		};
		D44279ED2DE08FA100E70B1E /* Debug */ = {
			isa = XCBuildConfiguration;
			buildSettings = {
				CODE_SIGN_STYLE = Automatic;
				CURRENT_PROJECT_VERSION = 1;
				DEVELOPMENT_TEAM = JC88DK343F;
				GENERATE_INFOPLIST_FILE = YES;
				MARKETING_VERSION = 1.0;
				PRODUCT_BUNDLE_IDENTIFIER = com.RheirHome.RHEIRUITests;
				PRODUCT_NAME = "$(TARGET_NAME)";
				SWIFT_EMIT_LOC_STRINGS = NO;
				SWIFT_VERSION = 5.0;
				TARGETED_DEVICE_FAMILY = "1,2";
				TEST_TARGET_NAME = RHEIR;
			};
			name = Debug;
		};
		D44279EE2DE08FA100E70B1E /* Release */ = {
			isa = XCBuildConfiguration;
			buildSettings = {
				CODE_SIGN_STYLE = Automatic;
				CURRENT_PROJECT_VERSION = 1;
				DEVELOPMENT_TEAM = JC88DK343F;
				GENERATE_INFOPLIST_FILE = YES;
				MARKETING_VERSION = 1.0;
				PRODUCT_BUNDLE_IDENTIFIER = com.RheirHome.RHEIRUITests;
				PRODUCT_NAME = "$(TARGET_NAME)";
				SWIFT_EMIT_LOC_STRINGS = NO;
				SWIFT_VERSION = 5.0;
				TARGETED_DEVICE_FAMILY = "1,2";
				TEST_TARGET_NAME = RHEIR;
			};
			name = Release;
		};
/* End XCBuildConfiguration section */

/* Begin XCConfigurationList section */
		D44279C02DE08FA000E70B1E /* Build configuration list for PBXProject "RHEIR" */ = {
			isa = XCConfigurationList;
			buildConfigurations = (
				D44279E42DE08FA100E70B1E /* Debug */,
				D44279E52DE08FA100E70B1E /* Release */,
			);
			defaultConfigurationIsVisible = 0;
			defaultConfigurationName = Release;
		};
		D44279E62DE08FA100E70B1E /* Build configuration list for PBXNativeTarget "RHEIR" */ = {
			isa = XCConfigurationList;
			buildConfigurations = (
				D44279E72DE08FA100E70B1E /* Debug */,
				D44279E82DE08FA100E70B1E /* Release */,
			);
			defaultConfigurationIsVisible = 0;
			defaultConfigurationName = Release;
		};
		D44279E92DE08FA100E70B1E /* Build configuration list for PBXNativeTarget "RHEIRTests" */ = {
			isa = XCConfigurationList;
			buildConfigurations = (
				D44279EA2DE08FA100E70B1E /* Debug */,
				D44279EB2DE08FA100E70B1E /* Release */,
			);
			defaultConfigurationIsVisible = 0;
			defaultConfigurationName = Release;
		};
		D44279EC2DE08FA100E70B1E /* Build configuration list for PBXNativeTarget "RHEIRUITests" */ = {
			isa = XCConfigurationList;
			buildConfigurations = (
				D44279ED2DE08FA100E70B1E /* Debug */,
				D44279EE2DE08FA100E70B1E /* Release */,
			);
			defaultConfigurationIsVisible = 0;
			defaultConfigurationName = Release;
		};
/* End XCConfigurationList section */
	};
	rootObject = D44279BD2DE08FA000E70B1E /* Project object */;
}
